
Microsoft Visual Studio Solution File, Format Version 12.00
# Visual Studio Version 17
VisualStudioVersion = 17.5.002.0
MinimumVisualStudioVersion = 10.0.40219.1
Project("{9A19103F-16F7-4668-BE54-9A1E7A4F7556}") = "CarryOn", "CarryOn.csproj", "{550A2748-3284-4F65-94A7-A2C6D5F5E7C0}"
EndProject
Global
	GlobalSection(SolutionConfigurationPlatforms) = preSolution
		Debug|Any CPU = Debug|Any CPU
		Release|Any CPU = Release|Any CPU
	EndGlobalSection
	GlobalSection(ProjectConfigurationPlatforms) = postSolution
		{550A2748-3284-4F65-94A7-A2C6D5F5E7C0}.Debug|Any CPU.ActiveCfg = Debug|Any CPU
		{550A2748-3284-4F65-94A7-A2C6D5F5E7C0}.Debug|Any CPU.Build.0 = Debug|Any CPU
		{550A2748-3284-4F65-94A7-A2C6D5F5E7C0}.Release|Any CPU.ActiveCfg = Release|Any CPU
		{550A2748-3284-4F65-94A7-A2C6D5F5E7C0}.Release|Any CPU.Build.0 = Release|Any CPU
	EndGlobalSection
	GlobalSection(SolutionProperties) = preSolution
		HideSolutionNode = FALSE
	EndGlobalSection
	GlobalSection(ExtensibilityGlobals) = postSolution
		SolutionGuid = {EED8A785-6095-49B9-991A-058EF1982BC3}
	EndGlobalSection
EndGlobal
